version: 5
environments:
  default:
    channels:
    - url: https://conda.anaconda.org/conda-forge/
    indexes:
    - https://pypi.org/simple
    packages:
      osx-arm64:
      - conda: https://conda.anaconda.org/conda-forge/osx-arm64/bzip2-1.0.8-h99b78c6_7.conda
      - conda: https://conda.anaconda.org/conda-forge/osx-arm64/ca-certificates-2024.8.30-hf0a4a13_0.conda
      - conda: https://conda.anaconda.org/conda-forge/osx-arm64/libffi-3.4.2-h3422bc3_5.tar.bz2
      - conda: https://conda.anaconda.org/conda-forge/osx-arm64/libsqlite-3.46.1-hc14010f_0.conda
      - conda: https://conda.anaconda.org/conda-forge/osx-arm64/libzlib-1.3.1-h8359307_2.conda
      - conda: https://conda.anaconda.org/conda-forge/osx-arm64/ncurses-6.5-h7bae524_1.conda
      - conda: https://conda.anaconda.org/conda-forge/osx-arm64/openssl-3.3.2-h8359307_0.conda
      - conda: https://conda.anaconda.org/conda-forge/osx-arm64/python-3.10.15-h7d35d02_1_cpython.conda
      - conda: https://conda.anaconda.org/conda-forge/osx-arm64/readline-8.2-h92ec313_1.conda
      - conda: https://conda.anaconda.org/conda-forge/osx-arm64/tk-8.6.13-h5083fa2_1.conda
      - conda: https://conda.anaconda.org/conda-forge/noarch/tzdata-2024b-hc8b5060_0.conda
      - conda: https://conda.anaconda.org/conda-forge/osx-arm64/xz-5.2.6-h57fd34a_0.tar.bz2
      - pypi: https://files.pythonhosted.org/packages/d1/53/89b197cb472a3175d73384761a3413fd58e6b65a794c1102d148b8de87bd/agate-1.9.1-py2.py3-none-any.whl
      - pypi: https://files.pythonhosted.org/packages/6a/21/5b6702a7f963e95456c0de2d495f67bf5fd62840ac655dc451586d23d39a/attrs-24.2.0-py3-none-any.whl
      - pypi: https://files.pythonhosted.org/packages/ed/20/bc79bc575ba2e2a7f70e8a1155618bb1301eaa5132a8271373a6903f73f8/babel-2.16.0-py3-none-any.whl
      - pypi: https://files.pythonhosted.org/packages/12/90/3c9ff0512038035f59d279fddeb79f5f1eccd8859f06d6163c58798b9487/certifi-2024.8.30-py3-none-any.whl
      - pypi: https://files.pythonhosted.org/packages/21/67/b4564d81f48042f520c948abac7079356e94b30cb8ffb22e747532cf469d/charset_normalizer-3.4.0-cp310-cp310-macosx_11_0_arm64.whl
      - pypi: https://files.pythonhosted.org/packages/00/2e/d53fa4befbf2cfa713304affc7ca780ce4fc1fd8710527771b58311a3229/click-8.1.7-py3-none-any.whl
      - pypi: https://files.pythonhosted.org/packages/d1/d6/3965ed04c63042e047cb6a3e6ed1a63a35087b6a609aa3a15ed8ac56c221/colorama-0.4.6-py2.py3-none-any.whl
      - pypi: https://files.pythonhosted.org/packages/0e/fc/82796c10545f3df9882566c79debac28b664e3a3a08fdb493ac3cc418709/daff-1.3.46.tar.gz
      - pypi: https://files.pythonhosted.org/packages/e1/54/ee1a9f086fe3eb35d380c043efdb1ce929b84cfeed9458766ea1f90c85a5/dbt_adapters-1.7.0-py3-none-any.whl
      - pypi: https://files.pythonhosted.org/packages/8e/16/71f32590949af81e89f0c4376bf615e18ffae22be081a551a96f7e1ce615/dbt_common-1.10.0-py3-none-any.whl
      - pypi: https://files.pythonhosted.org/packages/81/01/67e9acf51e5b5326649066bc3ffc39dfe520dc5683bf980ab3abb7151a71/dbt_core-1.8.7-py3-none-any.whl
      - pypi: https://files.pythonhosted.org/packages/4b/72/fe647c056c3745c705204a8f1e2c21c21ebb1863aa1b6c95f80e76db4ad6/dbt_duckdb-1.9.0-py3-none-any.whl
      - pypi: https://files.pythonhosted.org/packages/77/1f/ca6d66d67464df1ea8e814d09b1100d15672ae4ce7f0dff41f67956e5f7f/dbt_extractor-0.5.1-cp38-abi3-macosx_10_12_x86_64.macosx_11_0_arm64.macosx_10_12_universal2.whl
      - pypi: https://files.pythonhosted.org/packages/97/7d/33d850bd35652e65724980fb94b07e7bd24b83891dcdd893d035503d3ec1/dbt_metricflow-0.7.1-py3-none-any.whl
      - pypi: https://files.pythonhosted.org/packages/31/31/ec1943c95ea18eabfcf7d6c882e7265e245f749dc465101343028eac33b8/dbt_semantic_interfaces-0.5.1-py3-none-any.whl
      - pypi: https://files.pythonhosted.org/packages/18/e6/d27d37dc55dbf40cdbd665aa52844b065ac760c9a02a02265f97ea7a4256/deepdiff-7.0.1-py3-none-any.whl
      - pypi: https://files.pythonhosted.org/packages/4a/71/ed0128fe6f3235fe376376bf1f833adbc53e4a34ea70dcb7f1910c9dfee4/duckdb-1.1.1-cp310-cp310-macosx_12_0_arm64.whl
      - pypi: https://files.pythonhosted.org/packages/00/be/d59db2d1d52697c6adc9eacaf50e8965b6345cc143f671e1ed068818d5cf/graphviz-0.20.3-py3-none-any.whl
      - pypi: https://files.pythonhosted.org/packages/ee/48/d53580d30b1fabf25d0d1fcc3f5b26d08d2ac75a1890ff6d262f9f027436/halo-0.0.31.tar.gz
      - pypi: https://files.pythonhosted.org/packages/76/c6/c88e154df9c4e1a2a66ccf0005a88dfb2650c1dffb6f5ce603dfbd452ce3/idna-3.10-py3-none-any.whl
      - pypi: https://files.pythonhosted.org/packages/59/9b/ecce94952ab5ea74c31dcf9ccf78ccd484eebebef06019bf8cb579ab4519/importlib_metadata-6.11.0-py3-none-any.whl
      - pypi: https://files.pythonhosted.org/packages/b6/85/7882d311924cbcfc70b1890780763e36ff0b140c7e51c110fc59a532f087/isodate-0.6.1-py2.py3-none-any.whl
      - pypi: https://files.pythonhosted.org/packages/31/80/3a54838c3fb461f6fec263ebf3a3a41771bd05190238de3486aae8540c36/jinja2-3.1.4-py3-none-any.whl
      - pypi: https://files.pythonhosted.org/packages/69/4a/4f9dbeb84e8850557c02365a0eee0649abe5eb1d84af92a25731c6c0f922/jsonschema-4.23.0-py3-none-any.whl
      - pypi: https://files.pythonhosted.org/packages/d1/0f/8910b19ac0670a0f80ce1008e5e751c4a57e14d2c4c13a482aa6079fa9d6/jsonschema_specifications-2024.10.1-py3-none-any.whl
      - pypi: https://files.pythonhosted.org/packages/a1/30/9ec597c962c5249ebd5c580386e4b5f2884cd943af42634291ee3b406415/leather-0.4.0-py2.py3-none-any.whl
      - pypi: https://files.pythonhosted.org/packages/28/5d/d710c38be68b0fb54e645048fe359c3904cc3cb64b2de9d40e1712bf110c/log_symbols-0.0.14-py3-none-any.whl
      - pypi: https://files.pythonhosted.org/packages/2f/d9/16ac346f7c0102835814cc9e5b684aaadea101560bb932a2403bd26b2320/Logbook-1.5.3.tar.gz
      - pypi: https://files.pythonhosted.org/packages/3b/25/5ea6500d200fd2dc3ea25c765f69dea0a1a8d42ec80a38cd896ad47cb85d/MarkupSafe-3.0.1-cp310-cp310-macosx_11_0_arm64.whl
      - pypi: https://files.pythonhosted.org/packages/44/e4/23e8febb328c8b63b2f99083a3eec271e466d8d22b0726110143863b36e9/mashumaro-3.13.1-py3-none-any.whl
      - pypi: https://files.pythonhosted.org/packages/06/7c/5a1457e29aeb2140ba9b7917d722474aa32be8a8fc4952621bf0a01128ec/metricflow-0.206.0-py3-none-any.whl
      - pypi: https://files.pythonhosted.org/packages/e4/9f/004f810169a48ed5c520279d98327e7793b6491f09d42cb2c5636c994f34/minimal-snowplow-tracker-0.0.2.tar.gz
      - pypi: https://files.pythonhosted.org/packages/5a/cb/6dce742ea14e47d6f565589e859ad225f2a5de576d7696e0623b784e226b/more_itertools-10.1.0-py3-none-any.whl
      - pypi: https://files.pythonhosted.org/packages/08/52/bf4fbf72f897a23a56b822997a72c16de07d8d56d7bf273242f884055682/msgpack-1.1.0-cp310-cp310-macosx_11_0_arm64.whl
      - pypi: https://files.pythonhosted.org/packages/38/e9/5f72929373e1a0e8d142a130f3f97e6ff920070f87f91c4e13e40e0fba5a/networkx-3.3-py3-none-any.whl
      - pypi: https://files.pythonhosted.org/packages/33/55/af02708f230eb77084a299d7b08175cff006dea4f2721074b92cdb0296c0/ordered_set-4.1.0-py3-none-any.whl
      - pypi: https://files.pythonhosted.org/packages/08/aa/cc0199a5f0ad350994d660967a8efb233fe0416e4639146c089643407ce6/packaging-24.1-py3-none-any.whl
      - pypi: https://files.pythonhosted.org/packages/9d/a4/3dd804926a42537bf69fb3ebb9fd72a50ba84f807d95df5ae016606c976c/parsedatetime-2.6-py3-none-any.whl
      - pypi: https://files.pythonhosted.org/packages/cc/20/ff623b09d963f88bfde16306a54e12ee5ea43e9b597108672ff3a408aad6/pathspec-0.12.1-py3-none-any.whl
      - pypi: https://files.pythonhosted.org/packages/51/49/d110f0a43beb365758a252203c43eaaad169fe7749da918869a8c991f726/protobuf-4.25.5-cp37-abi3-macosx_10_9_universal2.whl
      - pypi: https://files.pythonhosted.org/packages/7e/e3/2becd3da22de005873337d7aae4a608095624a9cda87a7d36d912d7dca0a/pydantic-1.10.18-cp310-cp310-macosx_11_0_arm64.whl
      - pypi: https://files.pythonhosted.org/packages/ec/57/56b9bcc3c9c6a792fcbaf139543cee77261f3651ca9da0c93f5c1221264b/python_dateutil-2.9.0.post0-py2.py3-none-any.whl
      - pypi: https://files.pythonhosted.org/packages/a4/62/02da182e544a51a5c3ccf4b03ab79df279f9c60c5e82d5e8bec7ca26ac11/python_slugify-8.0.4-py2.py3-none-any.whl
      - pypi: https://files.pythonhosted.org/packages/1b/b4/afd75551a3b910abd1d922dbd45e49e5deeb4d47dc50209ce489ba9844dd/pytimeparse-1.1.8-py2.py3-none-any.whl
      - pypi: https://files.pythonhosted.org/packages/11/c3/005fcca25ce078d2cc29fd559379817424e94885510568bc1bc53d7d5846/pytz-2024.2-py2.py3-none-any.whl
      - pypi: https://files.pythonhosted.org/packages/c7/7a/68bd47624dab8fd4afbfd3c48e3b79efe09098ae941de5b58abcbadff5cb/PyYAML-6.0.2-cp310-cp310-macosx_11_0_arm64.whl
      - pypi: https://files.pythonhosted.org/packages/67/3c/999fcad4fea8ca27113f4f6dbc65978648abe6d5764eeb71e62baa319b60/rapidfuzz-3.10.0-cp310-cp310-macosx_11_0_arm64.whl
      - pypi: https://files.pythonhosted.org/packages/b7/59/2056f61236782a2c86b33906c025d4f4a0b17be0161b63b70fd9e8775d36/referencing-0.35.1-py3-none-any.whl
      - pypi: https://files.pythonhosted.org/packages/f9/9b/335f9764261e915ed497fcdeb11df5dfd6f7bf257d4a6a2a686d80da4d54/requests-2.32.3-py3-none-any.whl
      - pypi: https://files.pythonhosted.org/packages/b5/b4/f15b0c55a6d880ce74170e7e28c3ed6c5acdbbd118df50b91d1dabf86008/rpds_py-0.20.0-cp310-cp310-macosx_11_0_arm64.whl
      - pypi: https://files.pythonhosted.org/packages/d9/5a/e7c31adbe875f2abbb91bd84cf2dc52d792b5a01506781dbcf25c91daf11/six-1.16.0-py2.py3-none-any.whl
      - pypi: https://files.pythonhosted.org/packages/9f/8e/3310207a68118000ca27ac878b8386123628b335ecb3d4bec4743357f0d1/spinners-0.0.24-py3-none-any.whl
      - pypi: https://files.pythonhosted.org/packages/5d/a5/b2860373aa8de1e626b2bdfdd6df4355f0565b47e51f7d0c54fe70faf8fe/sqlparse-0.5.1-py3-none-any.whl
      - pypi: https://files.pythonhosted.org/packages/40/44/4a5f08c96eb108af5cb50b41f76142f0afa346dfa99d5296fe7202a11854/tabulate-0.9.0-py3-none-any.whl
      - pypi: https://files.pythonhosted.org/packages/7f/be/df630c387a0a054815d60be6a97eb4e8f17385d5d6fe660e1c02750062b4/termcolor-2.5.0-py3-none-any.whl
      - pypi: https://files.pythonhosted.org/packages/a6/a5/c0b6468d3824fe3fde30dbb5e1f687b291608f9473681bbf7dabbf5a87d7/text_unidecode-1.3-py2.py3-none-any.whl
      - pypi: https://files.pythonhosted.org/packages/26/9f/ad63fc0248c5379346306f8668cda6e2e2e9c95e01216d2b8ffd9ff037d0/typing_extensions-4.12.2-py3-none-any.whl
      - pypi: https://files.pythonhosted.org/packages/0c/ba/8dd7fa5f0b1c6a8ac62f8f57f7e794160c1f86f31c6d0fb00f582372a3e4/update_checker-0.18.0-py3-none-any.whl
      - pypi: https://files.pythonhosted.org/packages/ce/d9/5f4c13cecde62396b0d3fe530a50ccea91e7dfc1ccf0e09c228841bb5ba8/urllib3-2.2.3-py3-none-any.whl
      - pypi: https://files.pythonhosted.org/packages/62/8b/5ba542fa83c90e09eac972fc9baca7a88e7e7ca4b221a89251954019308b/zipp-3.20.2-py3-none-any.whl
packages:
- kind: pypi
  name: agate
  version: 1.9.1
  url: https://files.pythonhosted.org/packages/d1/53/89b197cb472a3175d73384761a3413fd58e6b65a794c1102d148b8de87bd/agate-1.9.1-py2.py3-none-any.whl
  sha256: 1cf329510b3dde07c4ad1740b7587c9c679abc3dcd92bb1107eabc10c2e03c50
  requires_dist:
  - babel>=2.0
  - isodate>=0.5.4
  - leather>=0.3.2
  - parsedatetime!=2.5,>=2.1
  - python-slugify>=1.2.1
  - pytimeparse>=1.1.5
  - tzdata>=2023.3 ; platform_system == 'Windows'
  - coverage>=3.7.1 ; extra == 'test'
  - cssselect>=0.9.1 ; extra == 'test'
  - lxml>=3.6.0 ; extra == 'test'
  - pytest ; extra == 'test'
  - pytest-cov ; extra == 'test'
  - backports-zoneinfo ; python_full_version < '3.9' and extra == 'test'
  - pyicu>=2.4.2 ; sys_platform == 'linux' and extra == 'test'
- kind: pypi
  name: attrs
  version: 24.2.0
  url: https://files.pythonhosted.org/packages/6a/21/5b6702a7f963e95456c0de2d495f67bf5fd62840ac655dc451586d23d39a/attrs-24.2.0-py3-none-any.whl
  sha256: 81921eb96de3191c8258c199618104dd27ac608d9366f5e35d011eae1867ede2
  requires_dist:
  - importlib-metadata ; python_full_version < '3.8'
  - cloudpickle ; platform_python_implementation == 'CPython' and extra == 'benchmark'
  - hypothesis ; extra == 'benchmark'
  - mypy>=1.11.1 ; python_full_version >= '3.9' and platform_python_implementation == 'CPython' and extra == 'benchmark'
  - pympler ; extra == 'benchmark'
  - pytest-codspeed ; extra == 'benchmark'
  - pytest-mypy-plugins ; python_full_version >= '3.9' and python_full_version < '3.13' and platform_python_implementation == 'CPython' and extra == 'benchmark'
  - pytest-xdist[psutil] ; extra == 'benchmark'
  - pytest>=4.3.0 ; extra == 'benchmark'
  - cloudpickle ; platform_python_implementation == 'CPython' and extra == 'cov'
  - coverage[toml]>=5.3 ; extra == 'cov'
  - hypothesis ; extra == 'cov'
  - mypy>=1.11.1 ; python_full_version >= '3.9' and platform_python_implementation == 'CPython' and extra == 'cov'
  - pympler ; extra == 'cov'
  - pytest-mypy-plugins ; python_full_version >= '3.9' and python_full_version < '3.13' and platform_python_implementation == 'CPython' and extra == 'cov'
  - pytest-xdist[psutil] ; extra == 'cov'
  - pytest>=4.3.0 ; extra == 'cov'
  - cloudpickle ; platform_python_implementation == 'CPython' and extra == 'dev'
  - hypothesis ; extra == 'dev'
  - mypy>=1.11.1 ; python_full_version >= '3.9' and platform_python_implementation == 'CPython' and extra == 'dev'
  - pre-commit ; extra == 'dev'
  - pympler ; extra == 'dev'
  - pytest-mypy-plugins ; python_full_version >= '3.9' and python_full_version < '3.13' and platform_python_implementation == 'CPython' and extra == 'dev'
  - pytest-xdist[psutil] ; extra == 'dev'
  - pytest>=4.3.0 ; extra == 'dev'
  - cogapp ; extra == 'docs'
  - furo ; extra == 'docs'
  - myst-parser ; extra == 'docs'
  - sphinx ; extra == 'docs'
  - sphinx-notfound-page ; extra == 'docs'
  - sphinxcontrib-towncrier ; extra == 'docs'
  - towncrier<24.7 ; extra == 'docs'
  - cloudpickle ; platform_python_implementation == 'CPython' and extra == 'tests'
  - hypothesis ; extra == 'tests'
  - mypy>=1.11.1 ; python_full_version >= '3.9' and platform_python_implementation == 'CPython' and extra == 'tests'
  - pympler ; extra == 'tests'
  - pytest-mypy-plugins ; python_full_version >= '3.9' and python_full_version < '3.13' and platform_python_implementation == 'CPython' and extra == 'tests'
  - pytest-xdist[psutil] ; extra == 'tests'
  - pytest>=4.3.0 ; extra == 'tests'
  - mypy>=1.11.1 ; python_full_version >= '3.9' and platform_python_implementation == 'CPython' and extra == 'tests-mypy'
  - pytest-mypy-plugins ; python_full_version >= '3.9' and python_full_version < '3.13' and platform_python_implementation == 'CPython' and extra == 'tests-mypy'
  requires_python: '>=3.7'
- kind: pypi
  name: babel
  version: 2.16.0
  url: https://files.pythonhosted.org/packages/ed/20/bc79bc575ba2e2a7f70e8a1155618bb1301eaa5132a8271373a6903f73f8/babel-2.16.0-py3-none-any.whl
  sha256: 368b5b98b37c06b7daf6696391c3240c938b37767d4584413e8438c5c435fa8b
  requires_dist:
  - pytz>=2015.7 ; python_full_version < '3.9'
  - pytest>=6.0 ; extra == 'dev'
  - pytest-cov ; extra == 'dev'
  - freezegun~=1.0 ; extra == 'dev'
  requires_python: '>=3.8'
- kind: conda
  name: bzip2
  version: 1.0.8
  build: h99b78c6_7
  build_number: 7
  subdir: osx-arm64
  url: https://conda.anaconda.org/conda-forge/osx-arm64/bzip2-1.0.8-h99b78c6_7.conda
  sha256: adfa71f158cbd872a36394c56c3568e6034aa55c623634b37a4836bd036e6b91
  md5: fc6948412dbbbe9a4c9ddbbcfe0a79ab
  depends:
  - __osx >=11.0
  license: bzip2-1.0.6
  license_family: BSD
  purls: []
  size: 122909
  timestamp: 1720974522888
- kind: conda
  name: ca-certificates
  version: 2024.8.30
  build: hf0a4a13_0
  subdir: osx-arm64
  url: https://conda.anaconda.org/conda-forge/osx-arm64/ca-certificates-2024.8.30-hf0a4a13_0.conda
  sha256: 2db1733f4b644575dbbdd7994a8f338e6ef937f5ebdb74acd557e9dda0211709
  md5: 40dec13fd8348dbe303e57be74bd3d35
  license: ISC
  purls: []
  size: 158482
  timestamp: 1725019034582
- kind: pypi
  name: certifi
  version: 2024.8.30
  url: https://files.pythonhosted.org/packages/12/90/3c9ff0512038035f59d279fddeb79f5f1eccd8859f06d6163c58798b9487/certifi-2024.8.30-py3-none-any.whl
  sha256: 922820b53db7a7257ffbda3f597266d435245903d80737e34f8a45ff3e3230d8
  requires_python: '>=3.6'
- kind: pypi
  name: charset-normalizer
  version: 3.4.0
  url: https://files.pythonhosted.org/packages/21/67/b4564d81f48042f520c948abac7079356e94b30cb8ffb22e747532cf469d/charset_normalizer-3.4.0-cp310-cp310-macosx_11_0_arm64.whl
  sha256: 5ed2e36c3e9b4f21dd9422f6893dec0abf2cca553af509b10cd630f878d3eb99
  requires_python: '>=3.7.0'
- kind: pypi
  name: click
  version: 8.1.7
  url: https://files.pythonhosted.org/packages/00/2e/d53fa4befbf2cfa713304affc7ca780ce4fc1fd8710527771b58311a3229/click-8.1.7-py3-none-any.whl
  sha256: ae74fb96c20a0277a1d615f1e4d73c8414f5a98db8b799a7931d1582f3390c28
  requires_dist:
  - colorama ; platform_system == 'Windows'
  - importlib-metadata ; python_full_version < '3.8'
  requires_python: '>=3.7'
- kind: pypi
  name: colorama
  version: 0.4.6
  url: https://files.pythonhosted.org/packages/d1/d6/3965ed04c63042e047cb6a3e6ed1a63a35087b6a609aa3a15ed8ac56c221/colorama-0.4.6-py2.py3-none-any.whl
  sha256: 4f1d9991f5acc0ca119f9d443620b77f9d6b33703e51011c16baf57afb285fc6
  requires_python: '!=3.0.*,!=3.1.*,!=3.2.*,!=3.3.*,!=3.4.*,!=3.5.*,!=3.6.*,>=2.7'
- kind: pypi
  name: daff
  version: 1.3.46
  url: https://files.pythonhosted.org/packages/0e/fc/82796c10545f3df9882566c79debac28b664e3a3a08fdb493ac3cc418709/daff-1.3.46.tar.gz
  sha256: 22d0da9fd6a3275b54c926a9c97b180f9258aad65113ea18f3fec52cbadcd818
- kind: pypi
  name: dbt-adapters
  version: 1.7.0
  url: https://files.pythonhosted.org/packages/e1/54/ee1a9f086fe3eb35d380c043efdb1ce929b84cfeed9458766ea1f90c85a5/dbt_adapters-1.7.0-py3-none-any.whl
  sha256: f192294112d5722c6a0981a104f7a9f57548aeeefe31b0b9d5708493f74a09f5
  requires_dist:
  - agate<2.0,>=1.0
  - dbt-common<2.0,>=1.8
  - mashumaro[msgpack]<4.0,>=3.0
  - protobuf<5.0,>=3.0
  - pytz>=2015.7
  - typing-extensions<5.0,>=4.0
  requires_python: '>=3.8.0'
- kind: pypi
  name: dbt-common
  version: 1.10.0
  url: https://files.pythonhosted.org/packages/8e/16/71f32590949af81e89f0c4376bf615e18ffae22be081a551a96f7e1ce615/dbt_common-1.10.0-py3-none-any.whl
  sha256: 06e6fe9c6f7e13a6f1b513f98f7b1d093f1fb9c02cdbebb3b8904ec6746cc8cf
  requires_dist:
  - agate<1.10,>=1.7.0
  - colorama<0.5,>=0.3.9
  - deepdiff<8.0,>=7.0
  - isodate<0.7,>=0.6
  - jinja2<4,>=3.1.3
  - jsonschema<5.0,>=4.0
  - mashumaro[msgpack]<4.0,>=3.9
  - pathspec<0.13,>=0.9
  - protobuf<5.0.0,>=4.0.0
  - python-dateutil<3.0,>=2.0
  - requests<3.0.0
  - typing-extensions<5.0,>=4.4
  - check-wheel-contents ; extra == 'build'
  - twine ; extra == 'build'
  - wheel ; extra == 'build'
  - black<24.0,>=23.3 ; extra == 'lint'
  - flake8 ; extra == 'lint'
  - flake8-docstrings ; extra == 'lint'
  - flake8-pyproject ; extra == 'lint'
  - mypy<2.0,>=1.3 ; extra == 'lint'
  - pytest<8.0,>=7.3 ; extra == 'lint'
  - types-jinja2<3.0,>=2.11 ; extra == 'lint'
  - types-jsonschema<5.0,>=4.17 ; extra == 'lint'
  - types-protobuf<5.0,>=4.24 ; extra == 'lint'
  - types-python-dateutil<3.0,>=2.8 ; extra == 'lint'
  - types-pyyaml<7.0,>=6.0 ; extra == 'lint'
  - types-requests ; extra == 'lint'
  - hypothesis<7.0,>=6.87 ; extra == 'test'
  - pytest-cov<5.0,>=4.1 ; extra == 'test'
  - pytest-mock ; extra == 'test'
  - pytest-xdist<4.0,>=3.2 ; extra == 'test'
  - pytest<8.0,>=7.3 ; extra == 'test'
  requires_python: '>=3.8'
- kind: pypi
  name: dbt-core
  version: 1.8.7
  url: https://files.pythonhosted.org/packages/81/01/67e9acf51e5b5326649066bc3ffc39dfe520dc5683bf980ab3abb7151a71/dbt_core-1.8.7-py3-none-any.whl
  sha256: 3dc6a5c994cb58a2448e092bf80c071ae2bfa8e3ecdde8fa4bcd45b78c41695d
  requires_dist:
  - agate<1.10,>=1.7.0
  - jinja2<4,>=3.1.3
  - mashumaro[msgpack]<4.0,>=3.9
  - logbook<1.6,>=1.5
  - click<9.0,>=8.0.2
  - networkx<4.0,>=2.3
  - protobuf<5,>=4.0.0
  - requests<3.0.0
  - pathspec<0.13,>=0.9
  - sqlparse<0.6.0,>=0.5.0
  - dbt-extractor<=0.6,>=0.5.0
  - minimal-snowplow-tracker<0.1,>=0.0.2
  - dbt-semantic-interfaces<0.6,>=0.5.1
  - dbt-common<2.0,>=1.0.4
  - dbt-adapters<2.0,>=1.1.1
  - packaging>20.9
  - pytz>=2015.7
  - pyyaml>=6.0
  - daff>=1.3.46
  - typing-extensions>=4.4
  requires_python: '>=3.8'
- kind: pypi
  name: dbt-duckdb
  version: 1.9.0
  url: https://files.pythonhosted.org/packages/4b/72/fe647c056c3745c705204a8f1e2c21c21ebb1863aa1b6c95f80e76db4ad6/dbt_duckdb-1.9.0-py3-none-any.whl
  sha256: f6534ad95f37f0e35bd591546cc736e85d156bc7c1509c0cb9cdcda5c50fe00c
  requires_dist:
  - dbt-common<2,>=1
  - dbt-adapters<2,>=1
  - duckdb>=1.0.0
  - dbt-core>=1.8.0
  - boto3 ; extra == 'glue'
  - mypy-boto3-glue ; extra == 'glue'
  - duckdb==1.1.1 ; extra == 'md'
  requires_python: '>=3.8'
- kind: pypi
  name: dbt-extractor
  version: 0.5.1
  url: https://files.pythonhosted.org/packages/77/1f/ca6d66d67464df1ea8e814d09b1100d15672ae4ce7f0dff41f67956e5f7f/dbt_extractor-0.5.1-cp38-abi3-macosx_10_12_x86_64.macosx_11_0_arm64.macosx_10_12_universal2.whl
  sha256: 3b91e6106b967d908b34f83929d3f50ee2b498876a1be9c055fe060ed728c556
  requires_python: '>=3.6.1'
- kind: pypi
  name: dbt-metricflow
  version: 0.7.1
  url: https://files.pythonhosted.org/packages/97/7d/33d850bd35652e65724980fb94b07e7bd24b83891dcdd893d035503d3ec1/dbt_metricflow-0.7.1-py3-none-any.whl
  sha256: 3438ff98b57dbfe08a6e76207deac48490cdae84018a046a28851656f370dc72
  requires_dist:
  - click>=8.1.6
  - dbt-core<1.9.0,>=1.8.0
  - dbt-semantic-interfaces
  - halo<0.1.0,>=0.0.31
  - jinja2>=3.1.3
  - metricflow<0.207.0,>=0.206.0
  - update-checker<0.19.0,>=0.18.0
  - dbt-bigquery<1.9.0,>=1.8.0 ; extra == 'dbt-bigquery'
  - dbt-databricks<1.9.0,>=1.8.0 ; extra == 'dbt-databricks'
  - dbt-duckdb<1.9.0,>=1.8.0 ; extra == 'dbt-duckdb'
  - dbt-postgres<1.9.0,>=1.8.0 ; extra == 'dbt-postgres'
  - dbt-redshift<1.9.0,>=1.8.0 ; extra == 'dbt-redshift'
  - dbt-snowflake<1.9.0,>=1.8.0 ; extra == 'dbt-snowflake'
  - dbt-trino<1.9.0,>=1.8.0 ; extra == 'dbt-trino'
  requires_python: <3.13,>=3.8
- kind: pypi
  name: dbt-semantic-interfaces
  version: 0.5.1
  url: https://files.pythonhosted.org/packages/31/31/ec1943c95ea18eabfcf7d6c882e7265e245f749dc465101343028eac33b8/dbt_semantic_interfaces-0.5.1-py3-none-any.whl
  sha256: b95ff3a6721dc30f6278cb84933d95e0ef27766e67eeb6bb41906242e77f7c9b
  requires_dist:
  - click<9.0,>=7.0
  - importlib-metadata<7,>=6.0
  - jinja2<4,>=3.1.3
  - jsonschema<5,>=4.0
  - more-itertools<11.0,>=8.0
  - pydantic<3,>=1.10
  - python-dateutil<3,>=2.0
  - pyyaml<7,>=6.0
  - typing-extensions<5,>=4.4
  requires_python: '>=3.8'
- kind: pypi
  name: deepdiff
  version: 7.0.1
  url: https://files.pythonhosted.org/packages/18/e6/d27d37dc55dbf40cdbd665aa52844b065ac760c9a02a02265f97ea7a4256/deepdiff-7.0.1-py3-none-any.whl
  sha256: 447760081918216aa4fd4ca78a4b6a848b81307b2ea94c810255334b759e1dc3
  requires_dist:
  - ordered-set<4.2.0,>=4.1.0
  - click==8.1.7 ; extra == 'cli'
  - pyyaml==6.0.1 ; extra == 'cli'
  - orjson ; extra == 'optimize'
  requires_python: '>=3.8'
- kind: pypi
  name: duckdb
  version: 1.1.1
  url: https://files.pythonhosted.org/packages/4a/71/ed0128fe6f3235fe376376bf1f833adbc53e4a34ea70dcb7f1910c9dfee4/duckdb-1.1.1-cp310-cp310-macosx_12_0_arm64.whl
  sha256: e310610b692d30aa7f1f40d7878b26978a5b191f23fa8fa082bd17092c67c2fd
  requires_python: '>=3.7.0'
- kind: pypi
  name: graphviz
  version: 0.20.3
  url: https://files.pythonhosted.org/packages/00/be/d59db2d1d52697c6adc9eacaf50e8965b6345cc143f671e1ed068818d5cf/graphviz-0.20.3-py3-none-any.whl
  sha256: 81f848f2904515d8cd359cc611faba817598d2feaac4027b266aa3eda7b3dde5
  requires_dist:
  - tox>=3 ; extra == 'dev'
  - flake8 ; extra == 'dev'
  - pep8-naming ; extra == 'dev'
  - wheel ; extra == 'dev'
  - twine ; extra == 'dev'
  - sphinx<7,>=5 ; extra == 'docs'
  - sphinx-autodoc-typehints ; extra == 'docs'
  - sphinx-rtd-theme ; extra == 'docs'
  - pytest<8.1,>=7 ; extra == 'test'
  - pytest-mock>=3 ; extra == 'test'
  - pytest-cov ; extra == 'test'
  - coverage ; extra == 'test'
  requires_python: '>=3.8'
- kind: pypi
  name: halo
  version: 0.0.31
  url: https://files.pythonhosted.org/packages/ee/48/d53580d30b1fabf25d0d1fcc3f5b26d08d2ac75a1890ff6d262f9f027436/halo-0.0.31.tar.gz
  sha256: 7b67a3521ee91d53b7152d4ee3452811e1d2a6321975137762eb3d70063cc9d6
  requires_dist:
  - log-symbols>=0.0.14
  - spinners>=0.0.24
  - termcolor>=1.1.0
  - colorama>=0.3.9
  - six>=1.12.0
  - backports-shutil-get-terminal-size>=1.0.0 ; python_full_version < '3.3'
  - ipython==5.7.0 ; extra == 'ipython'
  - ipywidgets==7.1.0 ; extra == 'ipython'
  requires_python: '>=3.4'
- kind: pypi
  name: idna
  version: '3.10'
  url: https://files.pythonhosted.org/packages/76/c6/c88e154df9c4e1a2a66ccf0005a88dfb2650c1dffb6f5ce603dfbd452ce3/idna-3.10-py3-none-any.whl
  sha256: 946d195a0d259cbba61165e88e65941f16e9b36ea6ddb97f00452bae8b1287d3
  requires_dist:
  - ruff>=0.6.2 ; extra == 'all'
  - mypy>=1.11.2 ; extra == 'all'
  - pytest>=8.3.2 ; extra == 'all'
  - flake8>=7.1.1 ; extra == 'all'
  requires_python: '>=3.6'
- kind: pypi
  name: importlib-metadata
  version: 6.11.0
  url: https://files.pythonhosted.org/packages/59/9b/ecce94952ab5ea74c31dcf9ccf78ccd484eebebef06019bf8cb579ab4519/importlib_metadata-6.11.0-py3-none-any.whl
  sha256: f0afba6205ad8f8947c7d338b5342d5db2afbfd82f9cbef7879a9539cc12eb9b
  requires_dist:
  - zipp>=0.5
  - typing-extensions>=3.6.4 ; python_full_version < '3.8'
  - sphinx>=3.5 ; extra == 'docs'
  - sphinx<7.2.5 ; extra == 'docs'
  - jaraco-packaging>=9.3 ; extra == 'docs'
  - rst-linker>=1.9 ; extra == 'docs'
  - furo ; extra == 'docs'
  - sphinx-lint ; extra == 'docs'
  - jaraco-tidelift>=1.4 ; extra == 'docs'
  - ipython ; extra == 'perf'
  - pytest>=6 ; extra == 'testing'
  - pytest-checkdocs>=2.4 ; extra == 'testing'
  - pytest-cov ; extra == 'testing'
  - pytest-enabler>=2.2 ; extra == 'testing'
  - pytest-ruff ; extra == 'testing'
  - packaging ; extra == 'testing'
  - pyfakefs ; extra == 'testing'
  - flufl-flake8 ; extra == 'testing'
  - pytest-perf>=0.9.2 ; extra == 'testing'
  - pytest-black>=0.3.7 ; platform_python_implementation != 'PyPy' and extra == 'testing'
  - pytest-mypy>=0.9.1 ; platform_python_implementation != 'PyPy' and extra == 'testing'
  - importlib-resources>=1.3 ; python_full_version < '3.9' and extra == 'testing'
  requires_python: '>=3.8'
- kind: pypi
  name: isodate
  version: 0.6.1
  url: https://files.pythonhosted.org/packages/b6/85/7882d311924cbcfc70b1890780763e36ff0b140c7e51c110fc59a532f087/isodate-0.6.1-py2.py3-none-any.whl
  sha256: 0751eece944162659049d35f4f549ed815792b38793f07cf73381c1c87cbed96
  requires_dist:
  - six
- kind: pypi
  name: jinja2
  version: 3.1.4
  url: https://files.pythonhosted.org/packages/31/80/3a54838c3fb461f6fec263ebf3a3a41771bd05190238de3486aae8540c36/jinja2-3.1.4-py3-none-any.whl
  sha256: bc5dd2abb727a5319567b7a813e6a2e7318c39f4f487cfe6c89c6f9c7d25197d
  requires_dist:
  - markupsafe>=2.0
  - babel>=2.7 ; extra == 'i18n'
  requires_python: '>=3.7'
- kind: pypi
  name: jsonschema
  version: 4.23.0
  url: https://files.pythonhosted.org/packages/69/4a/4f9dbeb84e8850557c02365a0eee0649abe5eb1d84af92a25731c6c0f922/jsonschema-4.23.0-py3-none-any.whl
  sha256: fbadb6f8b144a8f8cf9f0b89ba94501d143e50411a1278633f56a7acf7fd5566
  requires_dist:
  - attrs>=22.2.0
  - importlib-resources>=1.4.0 ; python_full_version < '3.9'
  - jsonschema-specifications>=2023.3.6
  - pkgutil-resolve-name>=1.3.10 ; python_full_version < '3.9'
  - referencing>=0.28.4
  - rpds-py>=0.7.1
  - fqdn ; extra == 'format'
  - idna ; extra == 'format'
  - isoduration ; extra == 'format'
  - jsonpointer>1.13 ; extra == 'format'
  - rfc3339-validator ; extra == 'format'
  - rfc3987 ; extra == 'format'
  - uri-template ; extra == 'format'
  - webcolors>=1.11 ; extra == 'format'
  - fqdn ; extra == 'format-nongpl'
  - idna ; extra == 'format-nongpl'
  - isoduration ; extra == 'format-nongpl'
  - jsonpointer>1.13 ; extra == 'format-nongpl'
  - rfc3339-validator ; extra == 'format-nongpl'
  - rfc3986-validator>0.1.0 ; extra == 'format-nongpl'
  - uri-template ; extra == 'format-nongpl'
  - webcolors>=24.6.0 ; extra == 'format-nongpl'
  requires_python: '>=3.8'
- kind: pypi
  name: jsonschema-specifications
  version: 2024.10.1
  url: https://files.pythonhosted.org/packages/d1/0f/8910b19ac0670a0f80ce1008e5e751c4a57e14d2c4c13a482aa6079fa9d6/jsonschema_specifications-2024.10.1-py3-none-any.whl
  sha256: a09a0680616357d9a0ecf05c12ad234479f549239d0f5b55f3deea67475da9bf
  requires_dist:
  - referencing>=0.31.0
  requires_python: '>=3.9'
- kind: pypi
  name: leather
  version: 0.4.0
  url: https://files.pythonhosted.org/packages/a1/30/9ec597c962c5249ebd5c580386e4b5f2884cd943af42634291ee3b406415/leather-0.4.0-py2.py3-none-any.whl
  sha256: 18290bc93749ae39039af5e31e871fcfad74d26c4c3ea28ea4f681f4571b3a2b
  requires_dist:
  - pytest ; extra == 'test'
  - pytest-cov ; extra == 'test'
  - lxml>=3.6.0 ; extra == 'test'
  - cssselect>=0.9.1 ; extra == 'test'
- kind: conda
  name: libffi
  version: 3.4.2
  build: h3422bc3_5
  build_number: 5
  subdir: osx-arm64
  url: https://conda.anaconda.org/conda-forge/osx-arm64/libffi-3.4.2-h3422bc3_5.tar.bz2
  sha256: 41b3d13efb775e340e4dba549ab5c029611ea6918703096b2eaa9c015c0750ca
  md5: 086914b672be056eb70fd4285b6783b6
  license: MIT
  license_family: MIT
  purls: []
  size: 39020
  timestamp: 1636488587153
- kind: conda
  name: libsqlite
  version: 3.46.1
  build: hc14010f_0
  subdir: osx-arm64
  url: https://conda.anaconda.org/conda-forge/osx-arm64/libsqlite-3.46.1-hc14010f_0.conda
  sha256: 3725f962f490c5d44dae326d5f5b2e3c97f71a6322d914ccc85b5ddc2e50d120
  md5: 58050ec1724e58668d0126a1615553fa
  depends:
  - __osx >=11.0
  - libzlib >=1.3.1,<2.0a0
  license: Unlicense
  purls: []
  size: 829500
  timestamp: 1725353720793
- kind: conda
  name: libzlib
  version: 1.3.1
  build: h8359307_2
  build_number: 2
  subdir: osx-arm64
  url: https://conda.anaconda.org/conda-forge/osx-arm64/libzlib-1.3.1-h8359307_2.conda
  sha256: ce34669eadaba351cd54910743e6a2261b67009624dbc7daeeafdef93616711b
  md5: 369964e85dc26bfe78f41399b366c435
  depends:
  - __osx >=11.0
  constrains:
  - zlib 1.3.1 *_2
  license: Zlib
  license_family: Other
  purls: []
  size: 46438
  timestamp: 1727963202283
- kind: pypi
  name: log-symbols
  version: 0.0.14
  url: https://files.pythonhosted.org/packages/28/5d/d710c38be68b0fb54e645048fe359c3904cc3cb64b2de9d40e1712bf110c/log_symbols-0.0.14-py3-none-any.whl
  sha256: 4952106ff8b605ab7d5081dd2c7e6ca7374584eff7086f499c06edd1ce56dcca
  requires_dist:
  - colorama>=0.3.9
  - enum34==1.1.6 ; python_full_version < '3.4'
- kind: pypi
  name: logbook
  version: 1.5.3
  url: https://files.pythonhosted.org/packages/2f/d9/16ac346f7c0102835814cc9e5b684aaadea101560bb932a2403bd26b2320/Logbook-1.5.3.tar.gz
  sha256: 66f454ada0f56eae43066f604a222b09893f98c1adc18df169710761b8f32fe8
  requires_dist:
  - jinja2 ; extra == 'all'
  - execnet>=1.0.9 ; extra == 'all'
  - pytest>4.0 ; extra == 'all'
  - sqlalchemy ; extra == 'all'
  - brotli ; extra == 'all'
  - redis ; extra == 'all'
  - pytest-cov>=2.6 ; extra == 'all'
  - cython ; extra == 'all'
  - pyzmq ; extra == 'all'
  - brotli ; extra == 'compression'
  - pytest>4.0 ; extra == 'dev'
  - pytest-cov>=2.6 ; extra == 'dev'
  - cython ; extra == 'dev'
  - execnet>=1.0.9 ; extra == 'execnet'
  - jinja2 ; extra == 'jinja'
  - redis ; extra == 'redis'
  - sqlalchemy ; extra == 'sqlalchemy'
  - pytest>4.0 ; extra == 'test'
  - pytest-cov>=2.6 ; extra == 'test'
  - pyzmq ; extra == 'zmq'
- kind: pypi
  name: markupsafe
  version: 3.0.1
  url: https://files.pythonhosted.org/packages/3b/25/5ea6500d200fd2dc3ea25c765f69dea0a1a8d42ec80a38cd896ad47cb85d/MarkupSafe-3.0.1-cp310-cp310-macosx_11_0_arm64.whl
  sha256: 3ffb4a8e7d46ed96ae48805746755fadd0909fea2306f93d5d8233ba23dda12a
  requires_python: '>=3.9'
- kind: pypi
  name: mashumaro
  version: 3.13.1
  url: https://files.pythonhosted.org/packages/44/e4/23e8febb328c8b63b2f99083a3eec271e466d8d22b0726110143863b36e9/mashumaro-3.13.1-py3-none-any.whl
  sha256: ad0a162b8f4ea232dadd2891d77ff20165b855b9d84610f36ac84462d4576aa0
  requires_dist:
  - typing-extensions>=4.1.0
  - msgpack>=0.5.6 ; extra == 'msgpack'
  - orjson ; extra == 'orjson'
  - tomli-w>=1.0 ; extra == 'toml'
  - tomli>=1.1.0 ; python_full_version < '3.11' and extra == 'toml'
  - pyyaml>=3.13 ; extra == 'yaml'
  requires_python: '>=3.8'
- kind: pypi
  name: metricflow
  version: 0.206.0
  url: https://files.pythonhosted.org/packages/06/7c/5a1457e29aeb2140ba9b7917d722474aa32be8a8fc4952621bf0a01128ec/metricflow-0.206.0-py3-none-any.whl
  sha256: 3ed53a11941dec0c26938eea90d63ab1df26ba091d3e9f470974db07ca86f95d
  requires_dist:
  - dbt-semantic-interfaces<0.6.0,>=0.5.1
  - graphviz<0.21,>=0.18.2
  - jinja2>=3.1.3
  - more-itertools<10.2.0,>=8.10.0
  - pydantic<1.11.0,>=1.10.0
  - python-dateutil<2.10.0,>=2.9.0
  - rapidfuzz<4.0,>=3.0
  - tabulate>=0.8.9
  - typing-extensions<5.0,>=4.4
  - dbt-bigquery<1.9.0,>=1.8.0 ; extra == 'dbt-bigquery'
  - dbt-databricks<1.9.0,>=1.8.0 ; extra == 'dbt-databricks'
  - dbt-duckdb<1.9.0,>=1.8.0 ; extra == 'dbt-duckdb'
  - dbt-postgres<1.9.0,>=1.8.0 ; extra == 'dbt-postgres'
  - dbt-redshift<1.9.0,>=1.8.0 ; extra == 'dbt-redshift'
  - dbt-snowflake<1.9.0,>=1.8.0 ; extra == 'dbt-snowflake'
  - dbt-trino<1.9.0,>=1.8.0 ; extra == 'dbt-trino'
  - click>=8.1.6 ; extra == 'dev-packages'
  - dbt-core<1.9.0,>=1.8.0 ; extra == 'dev-packages'
  - dbt-semantic-interfaces ; extra == 'dev-packages'
  - halo<0.1.0,>=0.0.31 ; extra == 'dev-packages'
  - jinja2>=3.1.3 ; extra == 'dev-packages'
  - mypy<1.8.0,>=1.7.0 ; extra == 'dev-packages'
  - pre-commit<3.3.0,>=3.2.2 ; extra == 'dev-packages'
  - pytest-mock<3.15.0,>=3.14.0 ; extra == 'dev-packages'
  - pytest-xdist<3.7.0,>=3.6.0 ; extra == 'dev-packages'
  - pytest<9.0.0,>=8.0.0 ; extra == 'dev-packages'
  - pyyaml<7.0.0,>=6.0 ; extra == 'dev-packages'
  - tabulate>=0.8.9 ; extra == 'dev-packages'
  - types-python-dateutil ; extra == 'dev-packages'
  - types-pyyaml ; extra == 'dev-packages'
  - types-tabulate ; extra == 'dev-packages'
  - update-checker<0.19.0,>=0.18.0 ; extra == 'dev-packages'
  - trino<0.329.0,>=0.328.0 ; extra == 'trino-sql-client-packages'
  requires_python: <3.13,>=3.8
- kind: pypi
  name: minimal-snowplow-tracker
  version: 0.0.2
  url: https://files.pythonhosted.org/packages/e4/9f/004f810169a48ed5c520279d98327e7793b6491f09d42cb2c5636c994f34/minimal-snowplow-tracker-0.0.2.tar.gz
  sha256: acabf7572db0e7f5cbf6983d495eef54081f71be392330eb3aadb9ccb39daaa4
  requires_dist:
  - requests<3.0,>=2.2.1
  - six<2.0,>=1.9.0
- kind: pypi
  name: more-itertools
  version: 10.1.0
  url: https://files.pythonhosted.org/packages/5a/cb/6dce742ea14e47d6f565589e859ad225f2a5de576d7696e0623b784e226b/more_itertools-10.1.0-py3-none-any.whl
  sha256: 64e0735fcfdc6f3464ea133afe8ea4483b1c5fe3a3d69852e6503b43a0b222e6
  requires_python: '>=3.8'
- kind: pypi
  name: msgpack
  version: 1.1.0
  url: https://files.pythonhosted.org/packages/08/52/bf4fbf72f897a23a56b822997a72c16de07d8d56d7bf273242f884055682/msgpack-1.1.0-cp310-cp310-macosx_11_0_arm64.whl
  sha256: 914571a2a5b4e7606997e169f64ce53a8b1e06f2cf2c3a7273aa106236d43dd5
  requires_python: '>=3.8'
- kind: conda
  name: ncurses
  version: '6.5'
  build: h7bae524_1
  build_number: 1
  subdir: osx-arm64
  url: https://conda.anaconda.org/conda-forge/osx-arm64/ncurses-6.5-h7bae524_1.conda
  sha256: 27d0b9ff78ad46e1f3a6c96c479ab44beda5f96def88e2fe626e0a49429d8afc
  md5: cb2b0ea909b97b3d70cd3921d1445e1a
  depends:
  - __osx >=11.0
  license: X11 AND BSD-3-Clause
  purls: []
  size: 802321
  timestamp: 1724658775723
- kind: pypi
  name: networkx
  version: '3.3'
  url: https://files.pythonhosted.org/packages/38/e9/5f72929373e1a0e8d142a130f3f97e6ff920070f87f91c4e13e40e0fba5a/networkx-3.3-py3-none-any.whl
  sha256: 28575580c6ebdaf4505b22c6256a2b9de86b316dc63ba9e93abde3d78dfdbcf2
  requires_dist:
  - numpy>=1.23 ; extra == 'default'
  - scipy!=1.11.0,!=1.11.1,>=1.9 ; extra == 'default'
  - matplotlib>=3.6 ; extra == 'default'
  - pandas>=1.4 ; extra == 'default'
  - changelist==0.5 ; extra == 'developer'
  - pre-commit>=3.2 ; extra == 'developer'
  - mypy>=1.1 ; extra == 'developer'
  - rtoml ; extra == 'developer'
  - sphinx>=7 ; extra == 'doc'
  - pydata-sphinx-theme>=0.14 ; extra == 'doc'
  - sphinx-gallery>=0.14 ; extra == 'doc'
  - numpydoc>=1.7 ; extra == 'doc'
  - pillow>=9.4 ; extra == 'doc'
  - texext>=0.6.7 ; extra == 'doc'
  - myst-nb>=1.0 ; extra == 'doc'
  - lxml>=4.6 ; extra == 'extra'
  - pygraphviz>=1.12 ; extra == 'extra'
  - pydot>=2.0 ; extra == 'extra'
  - sympy>=1.10 ; extra == 'extra'
  - pytest>=7.2 ; extra == 'test'
  - pytest-cov>=4.0 ; extra == 'test'
  requires_python: '>=3.10'
- kind: conda
  name: openssl
  version: 3.3.2
  build: h8359307_0
  subdir: osx-arm64
  url: https://conda.anaconda.org/conda-forge/osx-arm64/openssl-3.3.2-h8359307_0.conda
  sha256: 940fa01c4dc6152158fe8943e05e55a1544cab639df0994e3b35937839e4f4d1
  md5: 1773ebccdc13ec603356e8ff1db9e958
  depends:
  - __osx >=11.0
  - ca-certificates
  license: Apache-2.0
  license_family: Apache
  purls: []
  size: 2882450
  timestamp: 1725410638874
- kind: pypi
  name: ordered-set
  version: 4.1.0
  url: https://files.pythonhosted.org/packages/33/55/af02708f230eb77084a299d7b08175cff006dea4f2721074b92cdb0296c0/ordered_set-4.1.0-py3-none-any.whl
  sha256: 046e1132c71fcf3330438a539928932caf51ddbc582496833e23de611de14562
  requires_dist:
  - pytest ; extra == 'dev'
  - black ; extra == 'dev'
  - mypy ; extra == 'dev'
  requires_python: '>=3.7'
- kind: pypi
  name: packaging
  version: '24.1'
  url: https://files.pythonhosted.org/packages/08/aa/cc0199a5f0ad350994d660967a8efb233fe0416e4639146c089643407ce6/packaging-24.1-py3-none-any.whl
  sha256: 5b8f2217dbdbd2f7f384c41c628544e6d52f2d0f53c6d0c3ea61aa5d1d7ff124
  requires_python: '>=3.8'
- kind: pypi
  name: parsedatetime
  version: '2.6'
  url: https://files.pythonhosted.org/packages/9d/a4/3dd804926a42537bf69fb3ebb9fd72a50ba84f807d95df5ae016606c976c/parsedatetime-2.6-py3-none-any.whl
  sha256: cb96edd7016872f58479e35879294258c71437195760746faffedb692aef000b
- kind: pypi
  name: pathspec
  version: 0.12.1
  url: https://files.pythonhosted.org/packages/cc/20/ff623b09d963f88bfde16306a54e12ee5ea43e9b597108672ff3a408aad6/pathspec-0.12.1-py3-none-any.whl
  sha256: a0d503e138a4c123b27490a4f7beda6a01c6f288df0e4a8b79c7eb0dc7b4cc08
  requires_python: '>=3.8'
- kind: pypi
  name: protobuf
  version: 4.25.5
  url: https://files.pythonhosted.org/packages/51/49/d110f0a43beb365758a252203c43eaaad169fe7749da918869a8c991f726/protobuf-4.25.5-cp37-abi3-macosx_10_9_universal2.whl
  sha256: b2fde3d805354df675ea4c7c6338c1aecd254dfc9925e88c6d31a2bcb97eb173
  requires_python: '>=3.8'
- kind: pypi
  name: pydantic
  version: 1.10.18
  url: https://files.pythonhosted.org/packages/7e/e3/2becd3da22de005873337d7aae4a608095624a9cda87a7d36d912d7dca0a/pydantic-1.10.18-cp310-cp310-macosx_11_0_arm64.whl
  sha256: e306e280ebebc65040034bff1a0a81fd86b2f4f05daac0131f29541cafd80b80
  requires_dist:
  - typing-extensions>=4.2.0
  - python-dotenv>=0.10.4 ; extra == 'dotenv'
  - email-validator>=1.0.3 ; extra == 'email'
  requires_python: '>=3.7'
- kind: conda
  name: python
  version: 3.10.15
  build: h7d35d02_1_cpython
  build_number: 1
  subdir: osx-arm64
  url: https://conda.anaconda.org/conda-forge/osx-arm64/python-3.10.15-h7d35d02_1_cpython.conda
  sha256: 2792ea513207c0d3dafa087a7cb08bd782570f2875e1f359581c6c7add6ffc23
  md5: c35c8cacf4c42a3383de265e8cd0c588
  depends:
  - __osx >=11.0
  - bzip2 >=1.0.8,<2.0a0
  - libffi >=3.4,<4.0a0
  - libsqlite >=3.46.1,<4.0a0
  - libzlib >=1.3.1,<2.0a0
  - ncurses >=6.5,<7.0a0
  - openssl >=3.3.2,<4.0a0
  - readline >=8.2,<9.0a0
  - tk >=8.6.13,<8.7.0a0
  - tzdata
  - xz >=5.2.6,<6.0a0
  constrains:
  - python_abi 3.10.* *_cp310
  license: Python-2.0
  purls: []
  size: 12390937
  timestamp: 1727718741593
- kind: pypi
  name: python-dateutil
  version: 2.9.0.post0
  url: https://files.pythonhosted.org/packages/ec/57/56b9bcc3c9c6a792fcbaf139543cee77261f3651ca9da0c93f5c1221264b/python_dateutil-2.9.0.post0-py2.py3-none-any.whl
  sha256: a8b2bc7bffae282281c8140a97d3aa9c14da0b136dfe83f850eea9a5f7470427
  requires_dist:
  - six>=1.5
  requires_python: '!=3.0.*,!=3.1.*,!=3.2.*,>=2.7'
- kind: pypi
  name: python-slugify
  version: 8.0.4
  url: https://files.pythonhosted.org/packages/a4/62/02da182e544a51a5c3ccf4b03ab79df279f9c60c5e82d5e8bec7ca26ac11/python_slugify-8.0.4-py2.py3-none-any.whl
  sha256: 276540b79961052b66b7d116620b36518847f52d5fd9e3a70164fc8c50faa6b8
  requires_dist:
  - text-unidecode>=1.3
  - unidecode>=1.1.1 ; extra == 'unidecode'
  requires_python: '>=3.7'
- kind: pypi
  name: pytimeparse
  version: 1.1.8
  url: https://files.pythonhosted.org/packages/1b/b4/afd75551a3b910abd1d922dbd45e49e5deeb4d47dc50209ce489ba9844dd/pytimeparse-1.1.8-py2.py3-none-any.whl
  sha256: 04b7be6cc8bd9f5647a6325444926c3ac34ee6bc7e69da4367ba282f076036bd
- kind: pypi
  name: pytz
  version: '2024.2'
  url: https://files.pythonhosted.org/packages/11/c3/005fcca25ce078d2cc29fd559379817424e94885510568bc1bc53d7d5846/pytz-2024.2-py2.py3-none-any.whl
  sha256: 31c7c1817eb7fae7ca4b8c7ee50c72f93aa2dd863de768e1ef4245d426aa0725
- kind: pypi
  name: pyyaml
  version: 6.0.2
  url: https://files.pythonhosted.org/packages/c7/7a/68bd47624dab8fd4afbfd3c48e3b79efe09098ae941de5b58abcbadff5cb/PyYAML-6.0.2-cp310-cp310-macosx_11_0_arm64.whl
  sha256: 29717114e51c84ddfba879543fb232a6ed60086602313ca38cce623c1d62cfbf
  requires_python: '>=3.8'
- kind: pypi
  name: rapidfuzz
  version: 3.10.0
  url: https://files.pythonhosted.org/packages/67/3c/999fcad4fea8ca27113f4f6dbc65978648abe6d5764eeb71e62baa319b60/rapidfuzz-3.10.0-cp310-cp310-macosx_11_0_arm64.whl
  sha256: 718c9bd369288aca5fa929df6dbf66fdbe9768d90940a940c0b5cdc96ade4309
  requires_dist:
  - numpy ; extra == 'all'
  requires_python: '>=3.9'
- kind: conda
  name: readline
  version: '8.2'
  build: h92ec313_1
  build_number: 1
  subdir: osx-arm64
  url: https://conda.anaconda.org/conda-forge/osx-arm64/readline-8.2-h92ec313_1.conda
  sha256: a1dfa679ac3f6007362386576a704ad2d0d7a02e98f5d0b115f207a2da63e884
  md5: 8cbb776a2f641b943d413b3e19df71f4
  depends:
  - ncurses >=6.3,<7.0a0
  license: GPL-3.0-only
  license_family: GPL
  purls: []
  size: 250351
  timestamp: 1679532511311
- kind: pypi
  name: referencing
  version: 0.35.1
  url: https://files.pythonhosted.org/packages/b7/59/2056f61236782a2c86b33906c025d4f4a0b17be0161b63b70fd9e8775d36/referencing-0.35.1-py3-none-any.whl
  sha256: eda6d3234d62814d1c64e305c1331c9a3a6132da475ab6382eaa997b21ee75de
  requires_dist:
  - attrs>=22.2.0
  - rpds-py>=0.7.0
  requires_python: '>=3.8'
- kind: pypi
  name: requests
  version: 2.32.3
  url: https://files.pythonhosted.org/packages/f9/9b/335f9764261e915ed497fcdeb11df5dfd6f7bf257d4a6a2a686d80da4d54/requests-2.32.3-py3-none-any.whl
  sha256: 70761cfe03c773ceb22aa2f671b4757976145175cdfca038c02654d061d6dcc6
  requires_dist:
  - charset-normalizer<4,>=2
  - idna<4,>=2.5
  - urllib3<3,>=1.21.1
  - certifi>=2017.4.17
  - pysocks!=1.5.7,>=1.5.6 ; extra == 'socks'
  - chardet<6,>=3.0.2 ; extra == 'use-chardet-on-py3'
  requires_python: '>=3.8'
- kind: pypi
  name: rpds-py
  version: 0.20.0
  url: https://files.pythonhosted.org/packages/b5/b4/f15b0c55a6d880ce74170e7e28c3ed6c5acdbbd118df50b91d1dabf86008/rpds_py-0.20.0-cp310-cp310-macosx_11_0_arm64.whl
  sha256: 9bb4a0d90fdb03437c109a17eade42dfbf6190408f29b2744114d11586611d6f
  requires_python: '>=3.8'
- kind: pypi
  name: six
  version: 1.16.0
  url: https://files.pythonhosted.org/packages/d9/5a/e7c31adbe875f2abbb91bd84cf2dc52d792b5a01506781dbcf25c91daf11/six-1.16.0-py2.py3-none-any.whl
  sha256: 8abb2f1d86890a2dfb989f9a77cfcfd3e47c2a354b01111771326f8aa26e0254
  requires_python: '>=2.7,!=3.0.*,!=3.1.*,!=3.2.*'
- kind: pypi
  name: spinners
  version: 0.0.24
  url: https://files.pythonhosted.org/packages/9f/8e/3310207a68118000ca27ac878b8386123628b335ecb3d4bec4743357f0d1/spinners-0.0.24-py3-none-any.whl
  sha256: 2fa30d0b72c9650ad12bbe031c9943b8d441e41b4f5602b0ec977a19f3290e98
  requires_dist:
  - enum34==1.1.6 ; python_full_version < '3.4'
- kind: pypi
  name: sqlparse
  version: 0.5.1
  url: https://files.pythonhosted.org/packages/5d/a5/b2860373aa8de1e626b2bdfdd6df4355f0565b47e51f7d0c54fe70faf8fe/sqlparse-0.5.1-py3-none-any.whl
  sha256: 773dcbf9a5ab44a090f3441e2180efe2560220203dc2f8c0b0fa141e18b505e4
  requires_dist:
  - build ; extra == 'dev'
  - hatch ; extra == 'dev'
  - sphinx ; extra == 'doc'
  requires_python: '>=3.8'
- kind: pypi
  name: tabulate
  version: 0.9.0
  url: https://files.pythonhosted.org/packages/40/44/4a5f08c96eb108af5cb50b41f76142f0afa346dfa99d5296fe7202a11854/tabulate-0.9.0-py3-none-any.whl
  sha256: 024ca478df22e9340661486f85298cff5f6dcdba14f3813e8830015b9ed1948f
  requires_dist:
  - wcwidth ; extra == 'widechars'
  requires_python: '>=3.7'
- kind: pypi
  name: termcolor
  version: 2.5.0
  url: https://files.pythonhosted.org/packages/7f/be/df630c387a0a054815d60be6a97eb4e8f17385d5d6fe660e1c02750062b4/termcolor-2.5.0-py3-none-any.whl
  sha256: 37b17b5fc1e604945c2642c872a3764b5d547a48009871aea3edd3afa180afb8
  requires_dist:
  - pytest ; extra == 'tests'
  - pytest-cov ; extra == 'tests'
  requires_python: '>=3.9'
- kind: pypi
  name: text-unidecode
  version: '1.3'
  url: https://files.pythonhosted.org/packages/a6/a5/c0b6468d3824fe3fde30dbb5e1f687b291608f9473681bbf7dabbf5a87d7/text_unidecode-1.3-py2.py3-none-any.whl
  sha256: 1311f10e8b895935241623731c2ba64f4c455287888b18189350b67134a822e8
- kind: conda
  name: tk
  version: 8.6.13
  build: h5083fa2_1
  build_number: 1
  subdir: osx-arm64
  url: https://conda.anaconda.org/conda-forge/osx-arm64/tk-8.6.13-h5083fa2_1.conda
  sha256: 72457ad031b4c048e5891f3f6cb27a53cb479db68a52d965f796910e71a403a8
  md5: b50a57ba89c32b62428b71a875291c9b
  depends:
  - libzlib >=1.2.13,<2.0.0a0
  license: TCL
  license_family: BSD
  purls: []
  size: 3145523
  timestamp: 1699202432999
- kind: pypi
  name: typing-extensions
  version: 4.12.2
  url: https://files.pythonhosted.org/packages/26/9f/ad63fc0248c5379346306f8668cda6e2e2e9c95e01216d2b8ffd9ff037d0/typing_extensions-4.12.2-py3-none-any.whl
  sha256: 04e5ca0351e0f3f85c6853954072df659d0d13fac324d0072316b67d7794700d
  requires_python: '>=3.8'
- kind: conda
  name: tzdata
  version: 2024b
  build: hc8b5060_0
  subdir: noarch
  noarch: generic
  url: https://conda.anaconda.org/conda-forge/noarch/tzdata-2024b-hc8b5060_0.conda
  sha256: 4fde5c3008bf5d2db82f2b50204464314cc3c91c1d953652f7bd01d9e52aefdf
  md5: 8ac3367aafb1cc0a068483c580af8015
  license: LicenseRef-Public-Domain
  purls: []
  size: 122354
  timestamp: 1728047496079
- kind: pypi
  name: update-checker
  version: 0.18.0
  url: https://files.pythonhosted.org/packages/0c/ba/8dd7fa5f0b1c6a8ac62f8f57f7e794160c1f86f31c6d0fb00f582372a3e4/update_checker-0.18.0-py3-none-any.whl
  sha256: cbba64760a36fe2640d80d85306e8fe82b6816659190993b7bdabadee4d4bbfd
  requires_dist:
  - requests>=2.3.0
  - black ; extra == 'dev'
  - flake8 ; extra == 'dev'
  - pytest>=2.7.3 ; extra == 'dev'
  - black ; extra == 'lint'
  - flake8 ; extra == 'lint'
  - pytest>=2.7.3 ; extra == 'test'
- kind: pypi
  name: urllib3
  version: 2.2.3
  url: https://files.pythonhosted.org/packages/ce/d9/5f4c13cecde62396b0d3fe530a50ccea91e7dfc1ccf0e09c228841bb5ba8/urllib3-2.2.3-py3-none-any.whl
  sha256: ca899ca043dcb1bafa3e262d73aa25c465bfb49e0bd9dd5d59f1d0acba2f8fac
  requires_dist:
  - brotli>=1.0.9 ; platform_python_implementation == 'CPython' and extra == 'brotli'
  - brotlicffi>=0.8.0 ; platform_python_implementation != 'CPython' and extra == 'brotli'
  - h2<5,>=4 ; extra == 'h2'
  - pysocks!=1.5.7,<2.0,>=1.5.6 ; extra == 'socks'
  - zstandard>=0.18.0 ; extra == 'zstd'
  requires_python: '>=3.8'
- kind: conda
  name: xz
  version: 5.2.6
  build: h57fd34a_0
  subdir: osx-arm64
  url: https://conda.anaconda.org/conda-forge/osx-arm64/xz-5.2.6-h57fd34a_0.tar.bz2
  sha256: 59d78af0c3e071021cfe82dc40134c19dab8cdf804324b62940f5c8cd71803ec
  md5: 39c6b54e94014701dd157f4f576ed211
  license: LGPL-2.1 and GPL-2.0
  purls: []
  size: 235693
  timestamp: 1660346961024
- kind: pypi
  name: zipp
  version: 3.20.2
  url: https://files.pythonhosted.org/packages/62/8b/5ba542fa83c90e09eac972fc9baca7a88e7e7ca4b221a89251954019308b/zipp-3.20.2-py3-none-any.whl
  sha256: a817ac80d6cf4b23bf7f2828b7cabf326f15a001bea8b1f9b49631780ba28350
  requires_dist:
  - pytest-checkdocs>=2.4 ; extra == 'check'
  - pytest-ruff>=0.2.1 ; sys_platform != 'cygwin' and extra == 'check'
  - pytest-cov ; extra == 'cover'
  - sphinx>=3.5 ; extra == 'doc'
  - jaraco-packaging>=9.3 ; extra == 'doc'
  - rst-linker>=1.9 ; extra == 'doc'
  - furo ; extra == 'doc'
  - sphinx-lint ; extra == 'doc'
  - jaraco-tidelift>=1.4 ; extra == 'doc'
  - pytest-enabler>=2.2 ; extra == 'enabler'
  - pytest!=8.1.*,>=6 ; extra == 'test'
  - jaraco-itertools ; extra == 'test'
  - jaraco-functools ; extra == 'test'
  - more-itertools ; extra == 'test'
  - big-o ; extra == 'test'
  - pytest-ignore-flaky ; extra == 'test'
  - jaraco-test ; extra == 'test'
  - importlib-resources ; python_full_version < '3.9' and extra == 'test'
  - pytest-mypy ; extra == 'type'
  requires_python: '>=3.8'
